
Microsoft Visual Studio Solution File, Format Version 12.00
# Visual Studio Version 17
VisualStudioVersion = 17.10.35122.118
MinimumVisualStudioVersion = 10.0.40219.1
Project("{FAE04EC0-301F-11D3-BF4B-00C04F79EFBC}") = "Auth0", "Auth0\Auth0.csproj", "{B30D34FC-32DC-4090-8131-ACC58EC2F004}"
EndProject
Global
	GlobalSection(SolutionConfigurationPlatforms) = preSolution
		Debug|Any CPU = Debug|Any CPU
		Release|Any CPU = Release|Any CPU
	EndGlobalSection
	GlobalSection(ProjectConfigurationPlatforms) = postSolution
		{B30D34FC-32DC-4090-8131-ACC58EC2F004}.Debug|Any CPU.ActiveCfg = Debug|Any CPU
		{B30D34FC-32DC-4090-8131-ACC58EC2F004}.Debug|Any CPU.Build.0 = Debug|Any CPU
		{B30D34FC-32DC-4090-8131-ACC58EC2F004}.Release|Any CPU.ActiveCfg = Release|Any CPU
		{B30D34FC-32DC-4090-8131-ACC58EC2F004}.Release|Any CPU.Build.0 = Release|Any CPU
	EndGlobalSection
	GlobalSection(SolutionProperties) = preSolution
		HideSolutionNode = FALSE
	EndGlobalSection
	GlobalSection(ExtensibilityGlobals) = postSolution
		SolutionGuid = {1F3FDB44-163C-4024-9EB9-82794B5BB43A}
	EndGlobalSection
EndGlobal
